// !$*UTF8*$!
{
	archiveVersion = 1;
	classes = {
	};
	objectVersion = 55;
	objects = {

/* Begin PBXBuildFile section */
		3F537055287BE0F800F3B2C5 /* AppDelegate.swift in Sources */ = {isa = PBXBuildFile; fileRef = 3F537054287BE0F800F3B2C5 /* AppDelegate.swift */; };
		3F537057287BE0F800F3B2C5 /* SceneDelegate.swift in Sources */ = {isa = PBXBuildFile; fileRef = 3F537056287BE0F800F3B2C5 /* SceneDelegate.swift */; };
		3F537059287BE0F800F3B2C5 /* ViewController.swift in Sources */ = {isa = PBXBuildFile; fileRef = 3F537058287BE0F800F3B2C5 /* ViewController.swift */; };
		3F53705C287BE0F800F3B2C5 /* Main.storyboard in Resources */ = {isa = PBXBuildFile; fileRef = 3F53705A287BE0F800F3B2C5 /* Main.storyboard */; };
		3F53705E287BE0F900F3B2C5 /* Assets.xcassets in Resources */ = {isa = PBXBuildFile; fileRef = 3F53705D287BE0F900F3B2C5 /* Assets.xcassets */; };
		3F537061287BE0F900F3B2C5 /* LaunchScreen.storyboard in Resources */ = {isa = PBXBuildFile; fileRef = 3F53705F287BE0F900F3B2C5 /* LaunchScreen.storyboard */; };
		3F53706C287BE0F900F3B2C5 /* Project_1Tests.swift in Sources */ = {isa = PBXBuildFile; fileRef = 3F53706B287BE0F900F3B2C5 /* Project_1Tests.swift */; };
		3F537076287BE0F900F3B2C5 /* Project_1UITests.swift in Sources */ = {isa = PBXBuildFile; fileRef = 3F537075287BE0F900F3B2C5 /* Project_1UITests.swift */; };
		3F537078287BE0F900F3B2C5 /* Project_1UITestsLaunchTests.swift in Sources */ = {isa = PBXBuildFile; fileRef = 3F537077287BE0F900F3B2C5 /* Project_1UITestsLaunchTests.swift */; };
		3F537087287BF26400F3B2C5 /* ChatController.swift in Sources */ = {isa = PBXBuildFile; fileRef = 3F537086287BF26400F3B2C5 /* ChatController.swift */; };
/* End PBXBuildFile section */

/* Begin PBXContainerItemProxy section */
		3F537068287BE0F900F3B2C5 /* PBXContainerItemProxy */ = {
			isa = PBXContainerItemProxy;
			containerPortal = 3F537049287BE0F800F3B2C5 /* Project object */;
			proxyType = 1;
			remoteGlobalIDString = 3F537050287BE0F800F3B2C5;
			remoteInfo = "Project 1";
		};
		3F537072287BE0F900F3B2C5 /* PBXContainerItemProxy */ = {
			isa = PBXContainerItemProxy;
			containerPortal = 3F537049287BE0F800F3B2C5 /* Project object */;
			proxyType = 1;
			remoteGlobalIDString = 3F537050287BE0F800F3B2C5;
			remoteInfo = "Project 1";
		};
/* End PBXContainerItemProxy section */

/* Begin PBXFileReference section */
		3F537051287BE0F800F3B2C5 /* Project 1.app */ = {isa = PBXFileReference; explicitFileType = wrapper.application; includeInIndex = 0; path = "Project 1.app"; sourceTree = BUILT_PRODUCTS_DIR; };
		3F537054287BE0F800F3B2C5 /* AppDelegate.swift */ = {isa = PBXFileReference; lastKnownFileType = sourcecode.swift; path = AppDelegate.swift; sourceTree = "<group>"; };
		3F537056287BE0F800F3B2C5 /* SceneDelegate.swift */ = {isa = PBXFileReference; lastKnownFileType = sourcecode.swift; path = SceneDelegate.swift; sourceTree = "<group>"; };
		3F537058287BE0F800F3B2C5 /* ViewController.swift */ = {isa = PBXFileReference; lastKnownFileType = sourcecode.swift; path = ViewController.swift; sourceTree = "<group>"; };
		3F53705B287BE0F800F3B2C5 /* Base */ = {isa = PBXFileReference; lastKnownFileType = file.storyboard; name = Base; path = Base.lproj/Main.storyboard; sourceTree = "<group>"; };
		3F53705D287BE0F900F3B2C5 /* Assets.xcassets */ = {isa = PBXFileReference; lastKnownFileType = folder.assetcatalog; path = Assets.xcassets; sourceTree = "<group>"; };
		3F537060287BE0F900F3B2C5 /* Base */ = {isa = PBXFileReference; lastKnownFileType = file.storyboard; name = Base; path = Base.lproj/LaunchScreen.storyboard; sourceTree = "<group>"; };
		3F537062287BE0F900F3B2C5 /* Info.plist */ = {isa = PBXFileReference; lastKnownFileType = text.plist.xml; path = Info.plist; sourceTree = "<group>"; };
		3F537067287BE0F900F3B2C5 /* Project 1Tests.xctest */ = {isa = PBXFileReference; explicitFileType = wrapper.cfbundle; includeInIndex = 0; path = "Project 1Tests.xctest"; sourceTree = BUILT_PRODUCTS_DIR; };
		3F53706B287BE0F900F3B2C5 /* Project_1Tests.swift */ = {isa = PBXFileReference; lastKnownFileType = sourcecode.swift; path = Project_1Tests.swift; sourceTree = "<group>"; };
		3F537071287BE0F900F3B2C5 /* Project 1UITests.xctest */ = {isa = PBXFileReference; explicitFileType = wrapper.cfbundle; includeInIndex = 0; path = "Project 1UITests.xctest"; sourceTree = BUILT_PRODUCTS_DIR; };
		3F537075287BE0F900F3B2C5 /* Project_1UITests.swift */ = {isa = PBXFileReference; lastKnownFileType = sourcecode.swift; path = Project_1UITests.swift; sourceTree = "<group>"; };
		3F537077287BE0F900F3B2C5 /* Project_1UITestsLaunchTests.swift */ = {isa = PBXFileReference; lastKnownFileType = sourcecode.swift; path = Project_1UITestsLaunchTests.swift; sourceTree = "<group>"; };
		3F537086287BF26400F3B2C5 /* ChatController.swift */ = {isa = PBXFileReference; lastKnownFileType = sourcecode.swift; path = ChatController.swift; sourceTree = "<group>"; };
/* End PBXFileReference section */

/* Begin PBXFrameworksBuildPhase section */
		3F53704E287BE0F800F3B2C5 /* Frameworks */ = {
			isa = PBXFrameworksBuildPhase;
			buildActionMask = 2147483647;
			files = (
			);
			runOnlyForDeploymentPostprocessing = 0;
		};
		3F537064287BE0F900F3B2C5 /* Frameworks */ = {
			isa = PBXFrameworksBuildPhase;
			buildActionMask = 2147483647;
			files = (
			);
			runOnlyForDeploymentPostprocessing = 0;
		};
		3F53706E287BE0F900F3B2C5 /* Frameworks */ = {
			isa = PBXFrameworksBuildPhase;
			buildActionMask = 2147483647;
			files = (
			);
			runOnlyForDeploymentPostprocessing = 0;
		};
/* End PBXFrameworksBuildPhase section */

/* Begin PBXGroup section */
		3F537048287BE0F800F3B2C5 = {
			isa = PBXGroup;
			children = (
				3F537053287BE0F800F3B2C5 /* Project1 */,
				3F53706A287BE0F900F3B2C5 /* Project 1Tests */,
				3F537074287BE0F900F3B2C5 /* Project 1UITests */,
				3F537052287BE0F800F3B2C5 /* Products */,
			);
			sourceTree = "<group>";
		};
		3F537052287BE0F800F3B2C5 /* Products */ = {
			isa = PBXGroup;
			children = (
				3F537051287BE0F800F3B2C5 /* Project 1.app */,
				3F537067287BE0F900F3B2C5 /* Project 1Tests.xctest */,
				3F537071287BE0F900F3B2C5 /* Project 1UITests.xctest */,
			);
			name = Products;
			sourceTree = "<group>";
		};
		3F537053287BE0F800F3B2C5 /* Project1 */ = {
			isa = PBXGroup;
			children = (
				3F537054287BE0F800F3B2C5 /* AppDelegate.swift */,
				3F537056287BE0F800F3B2C5 /* SceneDelegate.swift */,
				3F537058287BE0F800F3B2C5 /* ViewController.swift */,
				3F53705A287BE0F800F3B2C5 /* Main.storyboard */,
				3F53705D287BE0F900F3B2C5 /* Assets.xcassets */,
				3F53705F287BE0F900F3B2C5 /* LaunchScreen.storyboard */,
				3F537062287BE0F900F3B2C5 /* Info.plist */,
				3F537086287BF26400F3B2C5 /* ChatController.swift */,
			);
			path = Project1;
			sourceTree = "<group>";
		};
		3F53706A287BE0F900F3B2C5 /* Project 1Tests */ = {
			isa = PBXGroup;
			children = (
				3F53706B287BE0F900F3B2C5 /* Project_1Tests.swift */,
			);
			path = "Project 1Tests";
			sourceTree = "<group>";
		};
		3F537074287BE0F900F3B2C5 /* Project 1UITests */ = {
			isa = PBXGroup;
			children = (
				3F537075287BE0F900F3B2C5 /* Project_1UITests.swift */,
				3F537077287BE0F900F3B2C5 /* Project_1UITestsLaunchTests.swift */,
			);
			path = "Project 1UITests";
			sourceTree = "<group>";
		};
/* End PBXGroup section */

/* Begin PBXNativeTarget section */
		3F537050287BE0F800F3B2C5 /* Project 1 */ = {
			isa = PBXNativeTarget;
			buildConfigurationList = 3F53707B287BE0F900F3B2C5 /* Build configuration list for PBXNativeTarget "Project 1" */;
			buildPhases = (
				3F53704D287BE0F800F3B2C5 /* Sources */,
				3F53704E287BE0F800F3B2C5 /* Frameworks */,
				3F53704F287BE0F800F3B2C5 /* Resources */,
			);
			buildRules = (
			);
			dependencies = (
			);
			name = "Project 1";
			productName = "Project 1";
			productReference = 3F537051287BE0F800F3B2C5 /* Project 1.app */;
			productType = "com.apple.product-type.application";
		};
		3F537066287BE0F900F3B2C5 /* Project 1Tests */ = {
			isa = PBXNativeTarget;
			buildConfigurationList = 3F53707E287BE0F900F3B2C5 /* Build configuration list for PBXNativeTarget "Project 1Tests" */;
			buildPhases = (
				3F537063287BE0F900F3B2C5 /* Sources */,
				3F537064287BE0F900F3B2C5 /* Frameworks */,
				3F537065287BE0F900F3B2C5 /* Resources */,
			);
			buildRules = (
			);
			dependencies = (
				3F537069287BE0F900F3B2C5 /* PBXTargetDependency */,
			);
			name = "Project 1Tests";
			productName = "Project 1Tests";
			productReference = 3F537067287BE0F900F3B2C5 /* Project 1Tests.xctest */;
			productType = "com.apple.product-type.bundle.unit-test";
		};
		3F537070287BE0F900F3B2C5 /* Project 1UITests */ = {
			isa = PBXNativeTarget;
			buildConfigurationList = 3F537081287BE0F900F3B2C5 /* Build configuration list for PBXNativeTarget "Project 1UITests" */;
			buildPhases = (
				3F53706D287BE0F900F3B2C5 /* Sources */,
				3F53706E287BE0F900F3B2C5 /* Frameworks */,
				3F53706F287BE0F900F3B2C5 /* Resources */,
			);
			buildRules = (
			);
			dependencies = (
				3F537073287BE0F900F3B2C5 /* PBXTargetDependency */,
			);
			name = "Project 1UITests";
			productName = "Project 1UITests";
			productReference = 3F537071287BE0F900F3B2C5 /* Project 1UITests.xctest */;
			productType = "com.apple.product-type.bundle.ui-testing";
		};
/* End PBXNativeTarget section */

/* Begin PBXProject section */
		3F537049287BE0F800F3B2C5 /* Project object */ = {
			isa = PBXProject;
			attributes = {
				BuildIndependentTargetsInParallel = 1;
				LastSwiftUpdateCheck = 1340;
				LastUpgradeCheck = 1340;
				TargetAttributes = {
					3F537050287BE0F800F3B2C5 = {
						CreatedOnToolsVersion = 13.4;
					};
					3F537066287BE0F900F3B2C5 = {
						CreatedOnToolsVersion = 13.4;
						TestTargetID = 3F537050287BE0F800F3B2C5;
					};
					3F537070287BE0F900F3B2C5 = {
						CreatedOnToolsVersion = 13.4;
						TestTargetID = 3F537050287BE0F800F3B2C5;
					};
				};
			};
			buildConfigurationList = 3F53704C287BE0F800F3B2C5 /* Build configuration list for PBXProject "Project 1" */;
			compatibilityVersion = "Xcode 13.0";
			developmentRegion = en;
			hasScannedForEncodings = 0;
			knownRegions = (
				en,
				Base,
			);
			mainGroup = 3F537048287BE0F800F3B2C5;
			productRefGroup = 3F537052287BE0F800F3B2C5 /* Products */;
			projectDirPath = "";
			projectRoot = "";
			targets = (
				3F537050287BE0F800F3B2C5 /* Project 1 */,
				3F537066287BE0F900F3B2C5 /* Project 1Tests */,
				3F537070287BE0F900F3B2C5 /* Project 1UITests */,
			);
		};
/* End PBXProject section */

/* Begin PBXResourcesBuildPhase section */
		3F53704F287BE0F800F3B2C5 /* Resources */ = {
			isa = PBXResourcesBuildPhase;
			buildActionMask = 2147483647;
			files = (
				3F537061287BE0F900F3B2C5 /* LaunchScreen.storyboard in Resources */,
				3F53705E287BE0F900F3B2C5 /* Assets.xcassets in Resources */,
				3F53705C287BE0F800F3B2C5 /* Main.storyboard in Resources */,
			);
			runOnlyForDeploymentPostprocessing = 0;
		};
		3F537065287BE0F900F3B2C5 /* Resources */ = {
			isa = PBXResourcesBuildPhase;
			buildActionMask = 2147483647;
			files = (
			);
			runOnlyForDeploymentPostprocessing = 0;
		};
		3F53706F287BE0F900F3B2C5 /* Resources */ = {
			isa = PBXResourcesBuildPhase;
			buildActionMask = 2147483647;
			files = (
			);
			runOnlyForDeploymentPostprocessing = 0;
		};
/* End PBXResourcesBuildPhase section */

/* Begin PBXSourcesBuildPhase section */
		3F53704D287BE0F800F3B2C5 /* Sources */ = {
			isa = PBXSourcesBuildPhase;
			buildActionMask = 2147483647;
			files = (
				3F537059287BE0F800F3B2C5 /* ViewController.swift in Sources */,
				3F537055287BE0F800F3B2C5 /* AppDelegate.swift in Sources */,
				3F537057287BE0F800F3B2C5 /* SceneDelegate.swift in Sources */,
				3F537087287BF26400F3B2C5 /* ChatController.swift in Sources */,
			);
			runOnlyForDeploymentPostprocessing = 0;
		};
		3F537063287BE0F900F3B2C5 /* Sources */ = {
			isa = PBXSourcesBuildPhase;
			buildActionMask = 2147483647;
			files = (
				3F53706C287BE0F900F3B2C5 /* Project_1Tests.swift in Sources */,
			);
			runOnlyForDeploymentPostprocessing = 0;
		};
		3F53706D287BE0F900F3B2C5 /* Sources */ = {
			isa = PBXSourcesBuildPhase;
			buildActionMask = 2147483647;
			files = (
				3F537078287BE0F900F3B2C5 /* Project_1UITestsLaunchTests.swift in Sources */,
				3F537076287BE0F900F3B2C5 /* Project_1UITests.swift in Sources */,
			);
			runOnlyForDeploymentPostprocessing = 0;
		};
/* End PBXSourcesBuildPhase section */

/* Begin PBXTargetDependency section */
		3F537069287BE0F900F3B2C5 /* PBXTargetDependency */ = {
			isa = PBXTargetDependency;
			target = 3F537050287BE0F800F3B2C5 /* Project 1 */;
			targetProxy = 3F537068287BE0F900F3B2C5 /* PBXContainerItemProxy */;
		};
		3F537073287BE0F900F3B2C5 /* PBXTargetDependency */ = {
			isa = PBXTargetDependency;
			target = 3F537050287BE0F800F3B2C5 /* Project 1 */;
			targetProxy = 3F537072287BE0F900F3B2C5 /* PBXContainerItemProxy */;
		};
/* End PBXTargetDependency section */

/* Begin PBXVariantGroup section */
		3F53705A287BE0F800F3B2C5 /* Main.storyboard */ = {
			isa = PBXVariantGroup;
			children = (
				3F53705B287BE0F800F3B2C5 /* Base */,
			);
			name = Main.storyboard;
			sourceTree = "<group>";
		};
		3F53705F287BE0F900F3B2C5 /* LaunchScreen.storyboard */ = {
			isa = PBXVariantGroup;
			children = (
				3F537060287BE0F900F3B2C5 /* Base */,
			);
			name = LaunchScreen.storyboard;
			sourceTree = "<group>";
		};
/* End PBXVariantGroup section */

/* Begin XCBuildConfiguration section */
		3F537079287BE0F900F3B2C5 /* Debug */ = {
			isa = XCBuildConfiguration;
			buildSettings = {
				ALWAYS_SEARCH_USER_PATHS = NO;
				CLANG_ANALYZER_NONNULL = YES;
				CLANG_ANALYZER_NUMBER_OBJECT_CONVERSION = YES_AGGRESSIVE;
				CLANG_CXX_LANGUAGE_STANDARD = "gnu++17";
				CLANG_ENABLE_MODULES = YES;
				CLANG_ENABLE_OBJC_ARC = YES;
				CLANG_ENABLE_OBJC_WEAK = YES;
				CLANG_WARN_BLOCK_CAPTURE_AUTORELEASING = YES;
				CLANG_WARN_BOOL_CONVERSION = YES;
				CLANG_WARN_COMMA = YES;
				CLANG_WARN_CONSTANT_CONVERSION = YES;
				CLANG_WARN_DEPRECATED_OBJC_IMPLEMENTATIONS = YES;
				CLANG_WARN_DIRECT_OBJC_ISA_USAGE = YES_ERROR;
				CLANG_WARN_DOCUMENTATION_COMMENTS = YES;
				CLANG_WARN_EMPTY_BODY = YES;
				CLANG_WARN_ENUM_CONVERSION = YES;
				CLANG_WARN_INFINITE_RECURSION = YES;
				CLANG_WARN_INT_CONVERSION = YES;
				CLANG_WARN_NON_LITERAL_NULL_CONVERSION = YES;
				CLANG_WARN_OBJC_IMPLICIT_RETAIN_SELF = YES;
				CLANG_WARN_OBJC_LITERAL_CONVERSION = YES;
				CLANG_WARN_OBJC_ROOT_CLASS = YES_ERROR;
				CLANG_WARN_QUOTED_INCLUDE_IN_FRAMEWORK_HEADER = YES;
				CLANG_WARN_RANGE_LOOP_ANALYSIS = YES;
				CLANG_WARN_STRICT_PROTOTYPES = YES;
				CLANG_WARN_SUSPICIOUS_MOVE = YES;
				CLANG_WARN_UNGUARDED_AVAILABILITY = YES_AGGRESSIVE;
				CLANG_WARN_UNREACHABLE_CODE = YES;
				CLANG_WARN__DUPLICATE_METHOD_MATCH = YES;
				COPY_PHASE_STRIP = NO;
				DEBUG_INFORMATION_FORMAT = dwarf;
				ENABLE_STRICT_OBJC_MSGSEND = YES;
				ENABLE_TESTABILITY = YES;
				GCC_C_LANGUAGE_STANDARD = gnu11;
				GCC_DYNAMIC_NO_PIC = NO;
				GCC_NO_COMMON_BLOCKS = YES;
				GCC_OPTIMIZATION_LEVEL = 0;
				GCC_PREPROCESSOR_DEFINITIONS = (
					"DEBUG=1",
					"$(inherited)",
				);
				GCC_WARN_64_TO_32_BIT_CONVERSION = YES;
				GCC_WARN_ABOUT_RETURN_TYPE = YES_ERROR;
				GCC_WARN_UNDECLARED_SELECTOR = YES;
				GCC_WARN_UNINITIALIZED_AUTOS = YES_AGGRESSIVE;
				GCC_WARN_UNUSED_FUNCTION = YES;
				GCC_WARN_UNUSED_VARIABLE = YES;
				IPHONEOS_DEPLOYMENT_TARGET = 15.5;
				MTL_ENABLE_DEBUG_INFO = INCLUDE_SOURCE;
				MTL_FAST_MATH = YES;
				ONLY_ACTIVE_ARCH = YES;
				SDKROOT = iphoneos;
				SWIFT_ACTIVE_COMPILATION_CONDITIONS = DEBUG;
				SWIFT_OPTIMIZATION_LEVEL = "-Onone";
			};
			name = Debug;
		};
		3F53707A287BE0F900F3B2C5 /* Release */ = {
			isa = XCBuildConfiguration;
			buildSettings = {
				ALWAYS_SEARCH_USER_PATHS = NO;
				CLANG_ANALYZER_NONNULL = YES;
				CLANG_ANALYZER_NUMBER_OBJECT_CONVERSION = YES_AGGRESSIVE;
				CLANG_CXX_LANGUAGE_STANDARD = "gnu++17";
				CLANG_ENABLE_MODULES = YES;
				CLANG_ENABLE_OBJC_ARC = YES;
				CLANG_ENABLE_OBJC_WEAK = YES;
				CLANG_WARN_BLOCK_CAPTURE_AUTORELEASING = YES;
				CLANG_WARN_BOOL_CONVERSION = YES;
				CLANG_WARN_COMMA = YES;
				CLANG_WARN_CONSTANT_CONVERSION = YES;
				CLANG_WARN_DEPRECATED_OBJC_IMPLEMENTATIONS = YES;
				CLANG_WARN_DIRECT_OBJC_ISA_USAGE = YES_ERROR;
				CLANG_WARN_DOCUMENTATION_COMMENTS = YES;
				CLANG_WARN_EMPTY_BODY = YES;
				CLANG_WARN_ENUM_CONVERSION = YES;
				CLANG_WARN_INFINITE_RECURSION = YES;
				CLANG_WARN_INT_CONVERSION = YES;
				CLANG_WARN_NON_LITERAL_NULL_CONVERSION = YES;
				CLANG_WARN_OBJC_IMPLICIT_RETAIN_SELF = YES;
				CLANG_WARN_OBJC_LITERAL_CONVERSION = YES;
				CLANG_WARN_OBJC_ROOT_CLASS = YES_ERROR;
				CLANG_WARN_QUOTED_INCLUDE_IN_FRAMEWORK_HEADER = YES;
				CLANG_WARN_RANGE_LOOP_ANALYSIS = YES;
				CLANG_WARN_STRICT_PROTOTYPES = YES;
				CLANG_WARN_SUSPICIOUS_MOVE = YES;
				CLANG_WARN_UNGUARDED_AVAILABILITY = YES_AGGRESSIVE;
				CLANG_WARN_UNREACHABLE_CODE = YES;
				CLANG_WARN__DUPLICATE_METHOD_MATCH = YES;
				COPY_PHASE_STRIP = NO;
				DEBUG_INFORMATION_FORMAT = "dwarf-with-dsym";
				ENABLE_NS_ASSERTIONS = NO;
				ENABLE_STRICT_OBJC_MSGSEND = YES;
				GCC_C_LANGUAGE_STANDARD = gnu11;
				GCC_NO_COMMON_BLOCKS = YES;
				GCC_WARN_64_TO_32_BIT_CONVERSION = YES;
				GCC_WARN_ABOUT_RETURN_TYPE = YES_ERROR;
				GCC_WARN_UNDECLARED_SELECTOR = YES;
				GCC_WARN_UNINITIALIZED_AUTOS = YES_AGGRESSIVE;
				GCC_WARN_UNUSED_FUNCTION = YES;
				GCC_WARN_UNUSED_VARIABLE = YES;
				IPHONEOS_DEPLOYMENT_TARGET = 15.5;
				MTL_ENABLE_DEBUG_INFO = NO;
				MTL_FAST_MATH = YES;
				SDKROOT = iphoneos;
				SWIFT_COMPILATION_MODE = wholemodule;
				SWIFT_OPTIMIZATION_LEVEL = "-O";
				VALIDATE_PRODUCT = YES;
			};
			name = Release;
		};
		3F53707C287BE0F900F3B2C5 /* Debug */ = {
			isa = XCBuildConfiguration;
			buildSettings = {
				ASSETCATALOG_COMPILER_APPICON_NAME = AppIcon;
				ASSETCATALOG_COMPILER_GLOBAL_ACCENT_COLOR_NAME = AccentColor;
				CODE_SIGN_STYLE = Automatic;
				CURRENT_PROJECT_VERSION = 1;
				GENERATE_INFOPLIST_FILE = YES;
				INFOPLIST_FILE = "Project 1/Info.plist";
				INFOPLIST_KEY_UIApplicationSupportsIndirectInputEvents = YES;
				INFOPLIST_KEY_UILaunchStoryboardName = LaunchScreen;
				INFOPLIST_KEY_UIMainStoryboardFile = Main;
				INFOPLIST_KEY_UISupportedInterfaceOrientations_iPad = "UIInterfaceOrientationPortrait UIInterfaceOrientationPortraitUpsideDown UIInterfaceOrientationLandscapeLeft UIInterfaceOrientationLandscapeRight";
				INFOPLIST_KEY_UISupportedInterfaceOrientations_iPhone = "UIInterfaceOrientationPortrait UIInterfaceOrientationLandscapeLeft UIInterfaceOrientationLandscapeRight";
				LD_RUNPATH_SEARCH_PATHS = (
					"$(inherited)",
					"@executable_path/Frameworks",
				);
				MARKETING_VERSION = 1.0;
				PRODUCT_BUNDLE_IDENTIFIER = "com.dem.Project-1";
				PRODUCT_NAME = "$(TARGET_NAME)";
				SWIFT_EMIT_LOC_STRINGS = YES;
				SWIFT_VERSION = 5.0;
				TARGETED_DEVICE_FAMILY = "1,2";
			};
			name = Debug;
		};
		3F53707D287BE0F900F3B2C5 /* Release */ = {
			isa = XCBuildConfiguration;
			buildSettings = {
				ASSETCATALOG_COMPILER_APPICON_NAME = AppIcon;
				ASSETCATALOG_COMPILER_GLOBAL_ACCENT_COLOR_NAME = AccentColor;
				CODE_SIGN_STYLE = Automatic;
				CURRENT_PROJECT_VERSION = 1;
				GENERATE_INFOPLIST_FILE = YES;
				INFOPLIST_FILE = "Project 1/Info.plist";
				INFOPLIST_KEY_UIApplicationSupportsIndirectInputEvents = YES;
				INFOPLIST_KEY_UILaunchStoryboardName = LaunchScreen;
				INFOPLIST_KEY_UIMainStoryboardFile = Main;
				INFOPLIST_KEY_UISupportedInterfaceOrientations_iPad = "UIInterfaceOrientationPortrait UIInterfaceOrientationPortraitUpsideDown UIInterfaceOrientationLandscapeLeft UIInterfaceOrientationLandscapeRight";
				INFOPLIST_KEY_UISupportedInterfaceOrientations_iPhone = "UIInterfaceOrientationPortrait UIInterfaceOrientationLandscapeLeft UIInterfaceOrientationLandscapeRight";
				LD_RUNPATH_SEARCH_PATHS = (
					"$(inherited)",
					"@executable_path/Frameworks",
				);
				MARKETING_VERSION = 1.0;
				PRODUCT_BUNDLE_IDENTIFIER = "com.dem.Project-1";
				PRODUCT_NAME = "$(TARGET_NAME)";
				SWIFT_EMIT_LOC_STRINGS = YES;
				SWIFT_VERSION = 5.0;
				TARGETED_DEVICE_FAMILY = "1,2";
			};
			name = Release;
		};
		3F53707F287BE0F900F3B2C5 /* Debug */ = {
			isa = XCBuildConfiguration;
			buildSettings = {
				ALWAYS_EMBED_SWIFT_STANDARD_LIBRARIES = YES;
				BUNDLE_LOADER = "$(TEST_HOST)";
				CODE_SIGN_STYLE = Automatic;
				CURRENT_PROJECT_VERSION = 1;
				GENERATE_INFOPLIST_FILE = YES;
				IPHONEOS_DEPLOYMENT_TARGET = 15.5;
				MARKETING_VERSION = 1.0;
				PRODUCT_BUNDLE_IDENTIFIER = "com.dem.Project-1Tests";
				PRODUCT_NAME = "$(TARGET_NAME)";
				SWIFT_EMIT_LOC_STRINGS = NO;
				SWIFT_VERSION = 5.0;
				TARGETED_DEVICE_FAMILY = "1,2";
				TEST_HOST = "$(BUILT_PRODUCTS_DIR)/Project 1.app/Project 1";
			};
			name = Debug;
		};
		3F537080287BE0F900F3B2C5 /* Release */ = {
			isa = XCBuildConfiguration;
			buildSettings = {
				ALWAYS_EMBED_SWIFT_STANDARD_LIBRARIES = YES;
				BUNDLE_LOADER = "$(TEST_HOST)";
				CODE_SIGN_STYLE = Automatic;
				CURRENT_PROJECT_VERSION = 1;
				GENERATE_INFOPLIST_FILE = YES;
				IPHONEOS_DEPLOYMENT_TARGET = 15.5;
				MARKETING_VERSION = 1.0;
				PRODUCT_BUNDLE_IDENTIFIER = "com.dem.Project-1Tests";
				PRODUCT_NAME = "$(TARGET_NAME)";
				SWIFT_EMIT_LOC_STRINGS = NO;
				SWIFT_VERSION = 5.0;
				TARGETED_DEVICE_FAMILY = "1,2";
				TEST_HOST = "$(BUILT_PRODUCTS_DIR)/Project 1.app/Project 1";
			};
			name = Release;
		};
		3F537082287BE0F900F3B2C5 /* Debug */ = {
			isa = XCBuildConfiguration;
			buildSettings = {
				ALWAYS_EMBED_SWIFT_STANDARD_LIBRARIES = YES;
				CODE_SIGN_STYLE = Automatic;
				CURRENT_PROJECT_VERSION = 1;
				GENERATE_INFOPLIST_FILE = YES;
				MARKETING_VERSION = 1.0;
				PRODUCT_BUNDLE_IDENTIFIER = "com.dem.Project-1UITests";
				PRODUCT_NAME = "$(TARGET_NAME)";
				SWIFT_EMIT_LOC_STRINGS = NO;
				SWIFT_VERSION = 5.0;
				TARGETED_DEVICE_FAMILY = "1,2";
				TEST_TARGET_NAME = "Project 1";
			};
			name = Debug;
		};
		3F537083287BE0F900F3B2C5 /* Release */ = {
			isa = XCBuildConfiguration;
			buildSettings = {
				ALWAYS_EMBED_SWIFT_STANDARD_LIBRARIES = YES;
				CODE_SIGN_STYLE = Automatic;
				CURRENT_PROJECT_VERSION = 1;
				GENERATE_INFOPLIST_FILE = YES;
				MARKETING_VERSION = 1.0;
				PRODUCT_BUNDLE_IDENTIFIER = "com.dem.Project-1UITests";
				PRODUCT_NAME = "$(TARGET_NAME)";
				SWIFT_EMIT_LOC_STRINGS = NO;
				SWIFT_VERSION = 5.0;
				TARGETED_DEVICE_FAMILY = "1,2";
				TEST_TARGET_NAME = "Project 1";
			};
			name = Release;
		};
/* End XCBuildConfiguration section */

/* Begin XCConfigurationList section */
		3F53704C287BE0F800F3B2C5 /* Build configuration list for PBXProject "Project 1" */ = {
			isa = XCConfigurationList;
			buildConfigurations = (
				3F537079287BE0F900F3B2C5 /* Debug */,
				3F53707A287BE0F900F3B2C5 /* Release */,
			);
			defaultConfigurationIsVisible = 0;
			defaultConfigurationName = Release;
		};
		3F53707B287BE0F900F3B2C5 /* Build configuration list for PBXNativeTarget "Project 1" */ = {
			isa = XCConfigurationList;
			buildConfigurations = (
				3F53707C287BE0F900F3B2C5 /* Debug */,
				3F53707D287BE0F900F3B2C5 /* Release */,
			);
			defaultConfigurationIsVisible = 0;
			defaultConfigurationName = Release;
		};
		3F53707E287BE0F900F3B2C5 /* Build configuration list for PBXNativeTarget "Project 1Tests" */ = {
			isa = XCConfigurationList;
			buildConfigurations = (
				3F53707F287BE0F900F3B2C5 /* Debug */,
				3F537080287BE0F900F3B2C5 /* Release */,
			);
			defaultConfigurationIsVisible = 0;
			defaultConfigurationName = Release;
		};
		3F537081287BE0F900F3B2C5 /* Build configuration list for PBXNativeTarget "Project 1UITests" */ = {
			isa = XCConfigurationList;
			buildConfigurations = (
				3F537082287BE0F900F3B2C5 /* Debug */,
				3F537083287BE0F900F3B2C5 /* Release */,
			);
			defaultConfigurationIsVisible = 0;
			defaultConfigurationName = Release;
		};
/* End XCConfigurationList section */
	};
	rootObject = 3F537049287BE0F800F3B2C5 /* Project object */;
}
