// !$*UTF8*$!
{
	archiveVersion = 1;
	classes = {
	};
	objectVersion = 55;
	objects = {

/* Begin PBXBuildFile section */
		3F52BC4E28753FD800FA8F77 /* AppDelegate.swift in Sources */ = {isa = PBXBuildFile; fileRef = 3F52BC4D28753FD800FA8F77 /* AppDelegate.swift */; };
		3F52BC5028753FD800FA8F77 /* SceneDelegate.swift in Sources */ = {isa = PBXBuildFile; fileRef = 3F52BC4F28753FD800FA8F77 /* SceneDelegate.swift */; };
		3F52BC5228753FD800FA8F77 /* ViewController.swift in Sources */ = {isa = PBXBuildFile; fileRef = 3F52BC5128753FD800FA8F77 /* ViewController.swift */; };
		3F52BC5528753FD800FA8F77 /* Main.storyboard in Resources */ = {isa = PBXBuildFile; fileRef = 3F52BC5328753FD800FA8F77 /* Main.storyboard */; };
		3F52BC5728753FD900FA8F77 /* Assets.xcassets in Resources */ = {isa = PBXBuildFile; fileRef = 3F52BC5628753FD900FA8F77 /* Assets.xcassets */; };
		3F52BC5A28753FD900FA8F77 /* LaunchScreen.storyboard in Resources */ = {isa = PBXBuildFile; fileRef = 3F52BC5828753FD900FA8F77 /* LaunchScreen.storyboard */; };
		3F52BC6528753FD900FA8F77 /* REQ__4Tests.swift in Sources */ = {isa = PBXBuildFile; fileRef = 3F52BC6428753FD900FA8F77 /* REQ__4Tests.swift */; };
		3F52BC6F28753FD900FA8F77 /* REQ__4UITests.swift in Sources */ = {isa = PBXBuildFile; fileRef = 3F52BC6E28753FD900FA8F77 /* REQ__4UITests.swift */; };
		3F52BC7128753FD900FA8F77 /* REQ__4UITestsLaunchTests.swift in Sources */ = {isa = PBXBuildFile; fileRef = 3F52BC7028753FD900FA8F77 /* REQ__4UITestsLaunchTests.swift */; };
/* End PBXBuildFile section */

/* Begin PBXContainerItemProxy section */
		3F52BC6128753FD900FA8F77 /* PBXContainerItemProxy */ = {
			isa = PBXContainerItemProxy;
			containerPortal = 3F52BC4228753FD800FA8F77 /* Project object */;
			proxyType = 1;
			remoteGlobalIDString = 3F52BC4928753FD800FA8F77;
			remoteInfo = REQ__4;
		};
		3F52BC6B28753FD900FA8F77 /* PBXContainerItemProxy */ = {
			isa = PBXContainerItemProxy;
			containerPortal = 3F52BC4228753FD800FA8F77 /* Project object */;
			proxyType = 1;
			remoteGlobalIDString = 3F52BC4928753FD800FA8F77;
			remoteInfo = REQ__4;
		};
/* End PBXContainerItemProxy section */

/* Begin PBXFileReference section */
		3F52BC4A28753FD800FA8F77 /* REQ__4.app */ = {isa = PBXFileReference; explicitFileType = wrapper.application; includeInIndex = 0; path = REQ__4.app; sourceTree = BUILT_PRODUCTS_DIR; };
		3F52BC4D28753FD800FA8F77 /* AppDelegate.swift */ = {isa = PBXFileReference; lastKnownFileType = sourcecode.swift; path = AppDelegate.swift; sourceTree = "<group>"; };
		3F52BC4F28753FD800FA8F77 /* SceneDelegate.swift */ = {isa = PBXFileReference; lastKnownFileType = sourcecode.swift; path = SceneDelegate.swift; sourceTree = "<group>"; };
		3F52BC5128753FD800FA8F77 /* ViewController.swift */ = {isa = PBXFileReference; lastKnownFileType = sourcecode.swift; path = ViewController.swift; sourceTree = "<group>"; };
		3F52BC5428753FD800FA8F77 /* Base */ = {isa = PBXFileReference; lastKnownFileType = file.storyboard; name = Base; path = Base.lproj/Main.storyboard; sourceTree = "<group>"; };
		3F52BC5628753FD900FA8F77 /* Assets.xcassets */ = {isa = PBXFileReference; lastKnownFileType = folder.assetcatalog; path = Assets.xcassets; sourceTree = "<group>"; };
		3F52BC5928753FD900FA8F77 /* Base */ = {isa = PBXFileReference; lastKnownFileType = file.storyboard; name = Base; path = Base.lproj/LaunchScreen.storyboard; sourceTree = "<group>"; };
		3F52BC5B28753FD900FA8F77 /* Info.plist */ = {isa = PBXFileReference; lastKnownFileType = text.plist.xml; path = Info.plist; sourceTree = "<group>"; };
		3F52BC6028753FD900FA8F77 /* REQ__4Tests.xctest */ = {isa = PBXFileReference; explicitFileType = wrapper.cfbundle; includeInIndex = 0; path = REQ__4Tests.xctest; sourceTree = BUILT_PRODUCTS_DIR; };
		3F52BC6428753FD900FA8F77 /* REQ__4Tests.swift */ = {isa = PBXFileReference; lastKnownFileType = sourcecode.swift; path = REQ__4Tests.swift; sourceTree = "<group>"; };
		3F52BC6A28753FD900FA8F77 /* REQ__4UITests.xctest */ = {isa = PBXFileReference; explicitFileType = wrapper.cfbundle; includeInIndex = 0; path = REQ__4UITests.xctest; sourceTree = BUILT_PRODUCTS_DIR; };
		3F52BC6E28753FD900FA8F77 /* REQ__4UITests.swift */ = {isa = PBXFileReference; lastKnownFileType = sourcecode.swift; path = REQ__4UITests.swift; sourceTree = "<group>"; };
		3F52BC7028753FD900FA8F77 /* REQ__4UITestsLaunchTests.swift */ = {isa = PBXFileReference; lastKnownFileType = sourcecode.swift; path = REQ__4UITestsLaunchTests.swift; sourceTree = "<group>"; };
/* End PBXFileReference section */

/* Begin PBXFrameworksBuildPhase section */
		3F52BC4728753FD800FA8F77 /* Frameworks */ = {
			isa = PBXFrameworksBuildPhase;
			buildActionMask = 2147483647;
			files = (
			);
			runOnlyForDeploymentPostprocessing = 0;
		};
		3F52BC5D28753FD900FA8F77 /* Frameworks */ = {
			isa = PBXFrameworksBuildPhase;
			buildActionMask = 2147483647;
			files = (
			);
			runOnlyForDeploymentPostprocessing = 0;
		};
		3F52BC6728753FD900FA8F77 /* Frameworks */ = {
			isa = PBXFrameworksBuildPhase;
			buildActionMask = 2147483647;
			files = (
			);
			runOnlyForDeploymentPostprocessing = 0;
		};
/* End PBXFrameworksBuildPhase section */

/* Begin PBXGroup section */
		3F52BC4128753FD800FA8F77 = {
			isa = PBXGroup;
			children = (
				3F52BC4C28753FD800FA8F77 /* REQ__4 */,
				3F52BC6328753FD900FA8F77 /* REQ__4Tests */,
				3F52BC6D28753FD900FA8F77 /* REQ__4UITests */,
				3F52BC4B28753FD800FA8F77 /* Products */,
			);
			sourceTree = "<group>";
		};
		3F52BC4B28753FD800FA8F77 /* Products */ = {
			isa = PBXGroup;
			children = (
				3F52BC4A28753FD800FA8F77 /* REQ__4.app */,
				3F52BC6028753FD900FA8F77 /* REQ__4Tests.xctest */,
				3F52BC6A28753FD900FA8F77 /* REQ__4UITests.xctest */,
			);
			name = Products;
			sourceTree = "<group>";
		};
		3F52BC4C28753FD800FA8F77 /* REQ__4 */ = {
			isa = PBXGroup;
			children = (
				3F52BC4D28753FD800FA8F77 /* AppDelegate.swift */,
				3F52BC4F28753FD800FA8F77 /* SceneDelegate.swift */,
				3F52BC5128753FD800FA8F77 /* ViewController.swift */,
				3F52BC5328753FD800FA8F77 /* Main.storyboard */,
				3F52BC5628753FD900FA8F77 /* Assets.xcassets */,
				3F52BC5828753FD900FA8F77 /* LaunchScreen.storyboard */,
				3F52BC5B28753FD900FA8F77 /* Info.plist */,
			);
			path = REQ__4;
			sourceTree = "<group>";
		};
		3F52BC6328753FD900FA8F77 /* REQ__4Tests */ = {
			isa = PBXGroup;
			children = (
				3F52BC6428753FD900FA8F77 /* REQ__4Tests.swift */,
			);
			path = REQ__4Tests;
			sourceTree = "<group>";
		};
		3F52BC6D28753FD900FA8F77 /* REQ__4UITests */ = {
			isa = PBXGroup;
			children = (
				3F52BC6E28753FD900FA8F77 /* REQ__4UITests.swift */,
				3F52BC7028753FD900FA8F77 /* REQ__4UITestsLaunchTests.swift */,
			);
			path = REQ__4UITests;
			sourceTree = "<group>";
		};
/* End PBXGroup section */

/* Begin PBXNativeTarget section */
		3F52BC4928753FD800FA8F77 /* REQ__4 */ = {
			isa = PBXNativeTarget;
			buildConfigurationList = 3F52BC7428753FD900FA8F77 /* Build configuration list for PBXNativeTarget "REQ__4" */;
			buildPhases = (
				3F52BC4628753FD800FA8F77 /* Sources */,
				3F52BC4728753FD800FA8F77 /* Frameworks */,
				3F52BC4828753FD800FA8F77 /* Resources */,
			);
			buildRules = (
			);
			dependencies = (
			);
			name = REQ__4;
			productName = REQ__4;
			productReference = 3F52BC4A28753FD800FA8F77 /* REQ__4.app */;
			productType = "com.apple.product-type.application";
		};
		3F52BC5F28753FD900FA8F77 /* REQ__4Tests */ = {
			isa = PBXNativeTarget;
			buildConfigurationList = 3F52BC7728753FD900FA8F77 /* Build configuration list for PBXNativeTarget "REQ__4Tests" */;
			buildPhases = (
				3F52BC5C28753FD900FA8F77 /* Sources */,
				3F52BC5D28753FD900FA8F77 /* Frameworks */,
				3F52BC5E28753FD900FA8F77 /* Resources */,
			);
			buildRules = (
			);
			dependencies = (
				3F52BC6228753FD900FA8F77 /* PBXTargetDependency */,
			);
			name = REQ__4Tests;
			productName = REQ__4Tests;
			productReference = 3F52BC6028753FD900FA8F77 /* REQ__4Tests.xctest */;
			productType = "com.apple.product-type.bundle.unit-test";
		};
		3F52BC6928753FD900FA8F77 /* REQ__4UITests */ = {
			isa = PBXNativeTarget;
			buildConfigurationList = 3F52BC7A28753FD900FA8F77 /* Build configuration list for PBXNativeTarget "REQ__4UITests" */;
			buildPhases = (
				3F52BC6628753FD900FA8F77 /* Sources */,
				3F52BC6728753FD900FA8F77 /* Frameworks */,
				3F52BC6828753FD900FA8F77 /* Resources */,
			);
			buildRules = (
			);
			dependencies = (
				3F52BC6C28753FD900FA8F77 /* PBXTargetDependency */,
			);
			name = REQ__4UITests;
			productName = REQ__4UITests;
			productReference = 3F52BC6A28753FD900FA8F77 /* REQ__4UITests.xctest */;
			productType = "com.apple.product-type.bundle.ui-testing";
		};
/* End PBXNativeTarget section */

/* Begin PBXProject section */
		3F52BC4228753FD800FA8F77 /* Project object */ = {
			isa = PBXProject;
			attributes = {
				BuildIndependentTargetsInParallel = 1;
				LastSwiftUpdateCheck = 1340;
				LastUpgradeCheck = 1340;
				TargetAttributes = {
					3F52BC4928753FD800FA8F77 = {
						CreatedOnToolsVersion = 13.4;
					};
					3F52BC5F28753FD900FA8F77 = {
						CreatedOnToolsVersion = 13.4;
						TestTargetID = 3F52BC4928753FD800FA8F77;
					};
					3F52BC6928753FD900FA8F77 = {
						CreatedOnToolsVersion = 13.4;
						TestTargetID = 3F52BC4928753FD800FA8F77;
					};
				};
			};
			buildConfigurationList = 3F52BC4528753FD800FA8F77 /* Build configuration list for PBXProject "REQ__4" */;
			compatibilityVersion = "Xcode 13.0";
			developmentRegion = en;
			hasScannedForEncodings = 0;
			knownRegions = (
				en,
				Base,
			);
			mainGroup = 3F52BC4128753FD800FA8F77;
			productRefGroup = 3F52BC4B28753FD800FA8F77 /* Products */;
			projectDirPath = "";
			projectRoot = "";
			targets = (
				3F52BC4928753FD800FA8F77 /* REQ__4 */,
				3F52BC5F28753FD900FA8F77 /* REQ__4Tests */,
				3F52BC6928753FD900FA8F77 /* REQ__4UITests */,
			);
		};
/* End PBXProject section */

/* Begin PBXResourcesBuildPhase section */
		3F52BC4828753FD800FA8F77 /* Resources */ = {
			isa = PBXResourcesBuildPhase;
			buildActionMask = 2147483647;
			files = (
				3F52BC5A28753FD900FA8F77 /* LaunchScreen.storyboard in Resources */,
				3F52BC5728753FD900FA8F77 /* Assets.xcassets in Resources */,
				3F52BC5528753FD800FA8F77 /* Main.storyboard in Resources */,
			);
			runOnlyForDeploymentPostprocessing = 0;
		};
		3F52BC5E28753FD900FA8F77 /* Resources */ = {
			isa = PBXResourcesBuildPhase;
			buildActionMask = 2147483647;
			files = (
			);
			runOnlyForDeploymentPostprocessing = 0;
		};
		3F52BC6828753FD900FA8F77 /* Resources */ = {
			isa = PBXResourcesBuildPhase;
			buildActionMask = 2147483647;
			files = (
			);
			runOnlyForDeploymentPostprocessing = 0;
		};
/* End PBXResourcesBuildPhase section */

/* Begin PBXSourcesBuildPhase section */
		3F52BC4628753FD800FA8F77 /* Sources */ = {
			isa = PBXSourcesBuildPhase;
			buildActionMask = 2147483647;
			files = (
				3F52BC5228753FD800FA8F77 /* ViewController.swift in Sources */,
				3F52BC4E28753FD800FA8F77 /* AppDelegate.swift in Sources */,
				3F52BC5028753FD800FA8F77 /* SceneDelegate.swift in Sources */,
			);
			runOnlyForDeploymentPostprocessing = 0;
		};
		3F52BC5C28753FD900FA8F77 /* Sources */ = {
			isa = PBXSourcesBuildPhase;
			buildActionMask = 2147483647;
			files = (
				3F52BC6528753FD900FA8F77 /* REQ__4Tests.swift in Sources */,
			);
			runOnlyForDeploymentPostprocessing = 0;
		};
		3F52BC6628753FD900FA8F77 /* Sources */ = {
			isa = PBXSourcesBuildPhase;
			buildActionMask = 2147483647;
			files = (
				3F52BC7128753FD900FA8F77 /* REQ__4UITestsLaunchTests.swift in Sources */,
				3F52BC6F28753FD900FA8F77 /* REQ__4UITests.swift in Sources */,
			);
			runOnlyForDeploymentPostprocessing = 0;
		};
/* End PBXSourcesBuildPhase section */

/* Begin PBXTargetDependency section */
		3F52BC6228753FD900FA8F77 /* PBXTargetDependency */ = {
			isa = PBXTargetDependency;
			target = 3F52BC4928753FD800FA8F77 /* REQ__4 */;
			targetProxy = 3F52BC6128753FD900FA8F77 /* PBXContainerItemProxy */;
		};
		3F52BC6C28753FD900FA8F77 /* PBXTargetDependency */ = {
			isa = PBXTargetDependency;
			target = 3F52BC4928753FD800FA8F77 /* REQ__4 */;
			targetProxy = 3F52BC6B28753FD900FA8F77 /* PBXContainerItemProxy */;
		};
/* End PBXTargetDependency section */

/* Begin PBXVariantGroup section */
		3F52BC5328753FD800FA8F77 /* Main.storyboard */ = {
			isa = PBXVariantGroup;
			children = (
				3F52BC5428753FD800FA8F77 /* Base */,
			);
			name = Main.storyboard;
			sourceTree = "<group>";
		};
		3F52BC5828753FD900FA8F77 /* LaunchScreen.storyboard */ = {
			isa = PBXVariantGroup;
			children = (
				3F52BC5928753FD900FA8F77 /* Base */,
			);
			name = LaunchScreen.storyboard;
			sourceTree = "<group>";
		};
/* End PBXVariantGroup section */

/* Begin XCBuildConfiguration section */
		3F52BC7228753FD900FA8F77 /* Debug */ = {
			isa = XCBuildConfiguration;
			buildSettings = {
				ALWAYS_SEARCH_USER_PATHS = NO;
				CLANG_ANALYZER_NONNULL = YES;
				CLANG_ANALYZER_NUMBER_OBJECT_CONVERSION = YES_AGGRESSIVE;
				CLANG_CXX_LANGUAGE_STANDARD = "gnu++17";
				CLANG_ENABLE_MODULES = YES;
				CLANG_ENABLE_OBJC_ARC = YES;
				CLANG_ENABLE_OBJC_WEAK = YES;
				CLANG_WARN_BLOCK_CAPTURE_AUTORELEASING = YES;
				CLANG_WARN_BOOL_CONVERSION = YES;
				CLANG_WARN_COMMA = YES;
				CLANG_WARN_CONSTANT_CONVERSION = YES;
				CLANG_WARN_DEPRECATED_OBJC_IMPLEMENTATIONS = YES;
				CLANG_WARN_DIRECT_OBJC_ISA_USAGE = YES_ERROR;
				CLANG_WARN_DOCUMENTATION_COMMENTS = YES;
				CLANG_WARN_EMPTY_BODY = YES;
				CLANG_WARN_ENUM_CONVERSION = YES;
				CLANG_WARN_INFINITE_RECURSION = YES;
				CLANG_WARN_INT_CONVERSION = YES;
				CLANG_WARN_NON_LITERAL_NULL_CONVERSION = YES;
				CLANG_WARN_OBJC_IMPLICIT_RETAIN_SELF = YES;
				CLANG_WARN_OBJC_LITERAL_CONVERSION = YES;
				CLANG_WARN_OBJC_ROOT_CLASS = YES_ERROR;
				CLANG_WARN_QUOTED_INCLUDE_IN_FRAMEWORK_HEADER = YES;
				CLANG_WARN_RANGE_LOOP_ANALYSIS = YES;
				CLANG_WARN_STRICT_PROTOTYPES = YES;
				CLANG_WARN_SUSPICIOUS_MOVE = YES;
				CLANG_WARN_UNGUARDED_AVAILABILITY = YES_AGGRESSIVE;
				CLANG_WARN_UNREACHABLE_CODE = YES;
				CLANG_WARN__DUPLICATE_METHOD_MATCH = YES;
				COPY_PHASE_STRIP = NO;
				DEBUG_INFORMATION_FORMAT = dwarf;
				ENABLE_STRICT_OBJC_MSGSEND = YES;
				ENABLE_TESTABILITY = YES;
				GCC_C_LANGUAGE_STANDARD = gnu11;
				GCC_DYNAMIC_NO_PIC = NO;
				GCC_NO_COMMON_BLOCKS = YES;
				GCC_OPTIMIZATION_LEVEL = 0;
				GCC_PREPROCESSOR_DEFINITIONS = (
					"DEBUG=1",
					"$(inherited)",
				);
				GCC_WARN_64_TO_32_BIT_CONVERSION = YES;
				GCC_WARN_ABOUT_RETURN_TYPE = YES_ERROR;
				GCC_WARN_UNDECLARED_SELECTOR = YES;
				GCC_WARN_UNINITIALIZED_AUTOS = YES_AGGRESSIVE;
				GCC_WARN_UNUSED_FUNCTION = YES;
				GCC_WARN_UNUSED_VARIABLE = YES;
				IPHONEOS_DEPLOYMENT_TARGET = 15.5;
				MTL_ENABLE_DEBUG_INFO = INCLUDE_SOURCE;
				MTL_FAST_MATH = YES;
				ONLY_ACTIVE_ARCH = YES;
				SDKROOT = iphoneos;
				SWIFT_ACTIVE_COMPILATION_CONDITIONS = DEBUG;
				SWIFT_OPTIMIZATION_LEVEL = "-Onone";
			};
			name = Debug;
		};
		3F52BC7328753FD900FA8F77 /* Release */ = {
			isa = XCBuildConfiguration;
			buildSettings = {
				ALWAYS_SEARCH_USER_PATHS = NO;
				CLANG_ANALYZER_NONNULL = YES;
				CLANG_ANALYZER_NUMBER_OBJECT_CONVERSION = YES_AGGRESSIVE;
				CLANG_CXX_LANGUAGE_STANDARD = "gnu++17";
				CLANG_ENABLE_MODULES = YES;
				CLANG_ENABLE_OBJC_ARC = YES;
				CLANG_ENABLE_OBJC_WEAK = YES;
				CLANG_WARN_BLOCK_CAPTURE_AUTORELEASING = YES;
				CLANG_WARN_BOOL_CONVERSION = YES;
				CLANG_WARN_COMMA = YES;
				CLANG_WARN_CONSTANT_CONVERSION = YES;
				CLANG_WARN_DEPRECATED_OBJC_IMPLEMENTATIONS = YES;
				CLANG_WARN_DIRECT_OBJC_ISA_USAGE = YES_ERROR;
				CLANG_WARN_DOCUMENTATION_COMMENTS = YES;
				CLANG_WARN_EMPTY_BODY = YES;
				CLANG_WARN_ENUM_CONVERSION = YES;
				CLANG_WARN_INFINITE_RECURSION = YES;
				CLANG_WARN_INT_CONVERSION = YES;
				CLANG_WARN_NON_LITERAL_NULL_CONVERSION = YES;
				CLANG_WARN_OBJC_IMPLICIT_RETAIN_SELF = YES;
				CLANG_WARN_OBJC_LITERAL_CONVERSION = YES;
				CLANG_WARN_OBJC_ROOT_CLASS = YES_ERROR;
				CLANG_WARN_QUOTED_INCLUDE_IN_FRAMEWORK_HEADER = YES;
				CLANG_WARN_RANGE_LOOP_ANALYSIS = YES;
				CLANG_WARN_STRICT_PROTOTYPES = YES;
				CLANG_WARN_SUSPICIOUS_MOVE = YES;
				CLANG_WARN_UNGUARDED_AVAILABILITY = YES_AGGRESSIVE;
				CLANG_WARN_UNREACHABLE_CODE = YES;
				CLANG_WARN__DUPLICATE_METHOD_MATCH = YES;
				COPY_PHASE_STRIP = NO;
				DEBUG_INFORMATION_FORMAT = "dwarf-with-dsym";
				ENABLE_NS_ASSERTIONS = NO;
				ENABLE_STRICT_OBJC_MSGSEND = YES;
				GCC_C_LANGUAGE_STANDARD = gnu11;
				GCC_NO_COMMON_BLOCKS = YES;
				GCC_WARN_64_TO_32_BIT_CONVERSION = YES;
				GCC_WARN_ABOUT_RETURN_TYPE = YES_ERROR;
				GCC_WARN_UNDECLARED_SELECTOR = YES;
				GCC_WARN_UNINITIALIZED_AUTOS = YES_AGGRESSIVE;
				GCC_WARN_UNUSED_FUNCTION = YES;
				GCC_WARN_UNUSED_VARIABLE = YES;
				IPHONEOS_DEPLOYMENT_TARGET = 15.5;
				MTL_ENABLE_DEBUG_INFO = NO;
				MTL_FAST_MATH = YES;
				SDKROOT = iphoneos;
				SWIFT_COMPILATION_MODE = wholemodule;
				SWIFT_OPTIMIZATION_LEVEL = "-O";
				VALIDATE_PRODUCT = YES;
			};
			name = Release;
		};
		3F52BC7528753FD900FA8F77 /* Debug */ = {
			isa = XCBuildConfiguration;
			buildSettings = {
				ASSETCATALOG_COMPILER_APPICON_NAME = AppIcon;
				ASSETCATALOG_COMPILER_GLOBAL_ACCENT_COLOR_NAME = AccentColor;
				CODE_SIGN_STYLE = Automatic;
				CURRENT_PROJECT_VERSION = 1;
				GENERATE_INFOPLIST_FILE = YES;
				INFOPLIST_FILE = REQ__4/Info.plist;
				INFOPLIST_KEY_UIApplicationSupportsIndirectInputEvents = YES;
				INFOPLIST_KEY_UILaunchStoryboardName = LaunchScreen;
				INFOPLIST_KEY_UIMainStoryboardFile = Main;
				INFOPLIST_KEY_UISupportedInterfaceOrientations_iPad = "UIInterfaceOrientationPortrait UIInterfaceOrientationPortraitUpsideDown UIInterfaceOrientationLandscapeLeft UIInterfaceOrientationLandscapeRight";
				INFOPLIST_KEY_UISupportedInterfaceOrientations_iPhone = "UIInterfaceOrientationPortrait UIInterfaceOrientationLandscapeLeft UIInterfaceOrientationLandscapeRight";
				LD_RUNPATH_SEARCH_PATHS = (
					"$(inherited)",
					"@executable_path/Frameworks",
				);
				MARKETING_VERSION = 1.0;
				PRODUCT_BUNDLE_IDENTIFIER = "com.dem.REQ--4";
				PRODUCT_NAME = "$(TARGET_NAME)";
				SWIFT_EMIT_LOC_STRINGS = YES;
				SWIFT_VERSION = 5.0;
				TARGETED_DEVICE_FAMILY = "1,2";
			};
			name = Debug;
		};
		3F52BC7628753FD900FA8F77 /* Release */ = {
			isa = XCBuildConfiguration;
			buildSettings = {
				ASSETCATALOG_COMPILER_APPICON_NAME = AppIcon;
				ASSETCATALOG_COMPILER_GLOBAL_ACCENT_COLOR_NAME = AccentColor;
				CODE_SIGN_STYLE = Automatic;
				CURRENT_PROJECT_VERSION = 1;
				GENERATE_INFOPLIST_FILE = YES;
				INFOPLIST_FILE = REQ__4/Info.plist;
				INFOPLIST_KEY_UIApplicationSupportsIndirectInputEvents = YES;
				INFOPLIST_KEY_UILaunchStoryboardName = LaunchScreen;
				INFOPLIST_KEY_UIMainStoryboardFile = Main;
				INFOPLIST_KEY_UISupportedInterfaceOrientations_iPad = "UIInterfaceOrientationPortrait UIInterfaceOrientationPortraitUpsideDown UIInterfaceOrientationLandscapeLeft UIInterfaceOrientationLandscapeRight";
				INFOPLIST_KEY_UISupportedInterfaceOrientations_iPhone = "UIInterfaceOrientationPortrait UIInterfaceOrientationLandscapeLeft UIInterfaceOrientationLandscapeRight";
				LD_RUNPATH_SEARCH_PATHS = (
					"$(inherited)",
					"@executable_path/Frameworks",
				);
				MARKETING_VERSION = 1.0;
				PRODUCT_BUNDLE_IDENTIFIER = "com.dem.REQ--4";
				PRODUCT_NAME = "$(TARGET_NAME)";
				SWIFT_EMIT_LOC_STRINGS = YES;
				SWIFT_VERSION = 5.0;
				TARGETED_DEVICE_FAMILY = "1,2";
			};
			name = Release;
		};
		3F52BC7828753FD900FA8F77 /* Debug */ = {
			isa = XCBuildConfiguration;
			buildSettings = {
				ALWAYS_EMBED_SWIFT_STANDARD_LIBRARIES = YES;
				BUNDLE_LOADER = "$(TEST_HOST)";
				CODE_SIGN_STYLE = Automatic;
				CURRENT_PROJECT_VERSION = 1;
				GENERATE_INFOPLIST_FILE = YES;
				IPHONEOS_DEPLOYMENT_TARGET = 15.5;
				MARKETING_VERSION = 1.0;
				PRODUCT_BUNDLE_IDENTIFIER = "com.dem.REQ--4Tests";
				PRODUCT_NAME = "$(TARGET_NAME)";
				SWIFT_EMIT_LOC_STRINGS = NO;
				SWIFT_VERSION = 5.0;
				TARGETED_DEVICE_FAMILY = "1,2";
				TEST_HOST = "$(BUILT_PRODUCTS_DIR)/REQ__4.app/REQ__4";
			};
			name = Debug;
		};
		3F52BC7928753FD900FA8F77 /* Release */ = {
			isa = XCBuildConfiguration;
			buildSettings = {
				ALWAYS_EMBED_SWIFT_STANDARD_LIBRARIES = YES;
				BUNDLE_LOADER = "$(TEST_HOST)";
				CODE_SIGN_STYLE = Automatic;
				CURRENT_PROJECT_VERSION = 1;
				GENERATE_INFOPLIST_FILE = YES;
				IPHONEOS_DEPLOYMENT_TARGET = 15.5;
				MARKETING_VERSION = 1.0;
				PRODUCT_BUNDLE_IDENTIFIER = "com.dem.REQ--4Tests";
				PRODUCT_NAME = "$(TARGET_NAME)";
				SWIFT_EMIT_LOC_STRINGS = NO;
				SWIFT_VERSION = 5.0;
				TARGETED_DEVICE_FAMILY = "1,2";
				TEST_HOST = "$(BUILT_PRODUCTS_DIR)/REQ__4.app/REQ__4";
			};
			name = Release;
		};
		3F52BC7B28753FD900FA8F77 /* Debug */ = {
			isa = XCBuildConfiguration;
			buildSettings = {
				ALWAYS_EMBED_SWIFT_STANDARD_LIBRARIES = YES;
				CODE_SIGN_STYLE = Automatic;
				CURRENT_PROJECT_VERSION = 1;
				GENERATE_INFOPLIST_FILE = YES;
				MARKETING_VERSION = 1.0;
				PRODUCT_BUNDLE_IDENTIFIER = "com.dem.REQ--4UITests";
				PRODUCT_NAME = "$(TARGET_NAME)";
				SWIFT_EMIT_LOC_STRINGS = NO;
				SWIFT_VERSION = 5.0;
				TARGETED_DEVICE_FAMILY = "1,2";
				TEST_TARGET_NAME = REQ__4;
			};
			name = Debug;
		};
		3F52BC7C28753FD900FA8F77 /* Release */ = {
			isa = XCBuildConfiguration;
			buildSettings = {
				ALWAYS_EMBED_SWIFT_STANDARD_LIBRARIES = YES;
				CODE_SIGN_STYLE = Automatic;
				CURRENT_PROJECT_VERSION = 1;
				GENERATE_INFOPLIST_FILE = YES;
				MARKETING_VERSION = 1.0;
				PRODUCT_BUNDLE_IDENTIFIER = "com.dem.REQ--4UITests";
				PRODUCT_NAME = "$(TARGET_NAME)";
				SWIFT_EMIT_LOC_STRINGS = NO;
				SWIFT_VERSION = 5.0;
				TARGETED_DEVICE_FAMILY = "1,2";
				TEST_TARGET_NAME = REQ__4;
			};
			name = Release;
		};
/* End XCBuildConfiguration section */

/* Begin XCConfigurationList section */
		3F52BC4528753FD800FA8F77 /* Build configuration list for PBXProject "REQ__4" */ = {
			isa = XCConfigurationList;
			buildConfigurations = (
				3F52BC7228753FD900FA8F77 /* Debug */,
				3F52BC7328753FD900FA8F77 /* Release */,
			);
			defaultConfigurationIsVisible = 0;
			defaultConfigurationName = Release;
		};
		3F52BC7428753FD900FA8F77 /* Build configuration list for PBXNativeTarget "REQ__4" */ = {
			isa = XCConfigurationList;
			buildConfigurations = (
				3F52BC7528753FD900FA8F77 /* Debug */,
				3F52BC7628753FD900FA8F77 /* Release */,
			);
			defaultConfigurationIsVisible = 0;
			defaultConfigurationName = Release;
		};
		3F52BC7728753FD900FA8F77 /* Build configuration list for PBXNativeTarget "REQ__4Tests" */ = {
			isa = XCConfigurationList;
			buildConfigurations = (
				3F52BC7828753FD900FA8F77 /* Debug */,
				3F52BC7928753FD900FA8F77 /* Release */,
			);
			defaultConfigurationIsVisible = 0;
			defaultConfigurationName = Release;
		};
		3F52BC7A28753FD900FA8F77 /* Build configuration list for PBXNativeTarget "REQ__4UITests" */ = {
			isa = XCConfigurationList;
			buildConfigurations = (
				3F52BC7B28753FD900FA8F77 /* Debug */,
				3F52BC7C28753FD900FA8F77 /* Release */,
			);
			defaultConfigurationIsVisible = 0;
			defaultConfigurationName = Release;
		};
/* End XCConfigurationList section */
	};
	rootObject = 3F52BC4228753FD800FA8F77 /* Project object */;
}
